
Microsoft Visual Studio Solution File, Format Version 12.00
# Visual Studio 15
VisualStudioVersion = 15.0.27428.2015
MinimumVisualStudioVersion = 10.0.40219.1
Project("{FAE04EC0-301F-11D3-BF4B-00C04F79EFBC}") = "Logintest", "QAAutomation\Logintest.csproj", "{B6311BB2-0B6B-4499-959C-DA55F73A4E42}"
EndProject
Global
	GlobalSection(SolutionConfigurationPlatforms) = preSolution
		Debug|Any CPU = Debug|Any CPU
		Release|Any CPU = Release|Any CPU
	EndGlobalSection
	GlobalSection(ProjectConfigurationPlatforms) = postSolution
		{B6311BB2-0B6B-4499-959C-DA55F73A4E42}.Debug|Any CPU.ActiveCfg = Debug|Any CPU
		{B6311BB2-0B6B-4499-959C-DA55F73A4E42}.Debug|Any CPU.Build.0 = Debug|Any CPU
		{B6311BB2-0B6B-4499-959C-DA55F73A4E42}.Release|Any CPU.ActiveCfg = Release|Any CPU
		{B6311BB2-0B6B-4499-959C-DA55F73A4E42}.Release|Any CPU.Build.0 = Release|Any CPU
	EndGlobalSection
	GlobalSection(SolutionProperties) = preSolution
		HideSolutionNode = FALSE
	EndGlobalSection
	GlobalSection(ExtensibilityGlobals) = postSolution
		SolutionGuid = {C18A495E-5F62-4D43-8080-DA2C28712275}
	EndGlobalSection
EndGlobal
